// !$*UTF8*$!
{
	archiveVersion = 1;
	classes = {
	};
	objectVersion = 46;
	objects = {

/* Begin PBXBuildFile section */
		6A7263F41AD13A2600B4E15B /* AppDelegate.m in Sources */ = {isa = PBXBuildFile; fileRef = 6A7263F31AD13A2600B4E15B /* AppDelegate.m */; };
		6A7263F61AD13A2600B4E15B /* main.m in Sources */ = {isa = PBXBuildFile; fileRef = 6A7263F51AD13A2600B4E15B /* main.m */; };
		6A7263F91AD13A2600B4E15B /* ViewController.m in Sources */ = {isa = PBXBuildFile; fileRef = 6A7263F81AD13A2600B4E15B /* ViewController.m */; };
		6A7263FB1AD13A2600B4E15B /* Images.xcassets in Resources */ = {isa = PBXBuildFile; fileRef = 6A7263FA1AD13A2600B4E15B /* Images.xcassets */; };
		6A7263FE1AD13A2600B4E15B /* Main.storyboard in Resources */ = {isa = PBXBuildFile; fileRef = 6A7263FC1AD13A2600B4E15B /* Main.storyboard */; };
		6A72640A1AD13A2600B4E15B /* gp4viewerTests.m in Sources */ = {isa = PBXBuildFile; fileRef = 6A7264091AD13A2600B4E15B /* gp4viewerTests.m */; };
/* End PBXBuildFile section */

/* Begin PBXContainerItemProxy section */
		6A7264041AD13A2600B4E15B /* PBXContainerItemProxy */ = {
			isa = PBXContainerItemProxy;
			containerPortal = 6A7263E51AD13A2600B4E15B /* Project object */;
			proxyType = 1;
			remoteGlobalIDString = 6A7263EC1AD13A2600B4E15B;
			remoteInfo = gp4viewer;
		};
/* End PBXContainerItemProxy section */

/* Begin PBXFileReference section */
		6A7263ED1AD13A2600B4E15B /* gp4viewer.app */ = {isa = PBXFileReference; explicitFileType = wrapper.application; includeInIndex = 0; path = gp4viewer.app; sourceTree = BUILT_PRODUCTS_DIR; };
		6A7263F11AD13A2600B4E15B /* Info.plist */ = {isa = PBXFileReference; lastKnownFileType = text.plist.xml; path = Info.plist; sourceTree = "<group>"; };
		6A7263F21AD13A2600B4E15B /* AppDelegate.h */ = {isa = PBXFileReference; lastKnownFileType = sourcecode.c.h; path = AppDelegate.h; sourceTree = "<group>"; };
		6A7263F31AD13A2600B4E15B /* AppDelegate.m */ = {isa = PBXFileReference; lastKnownFileType = sourcecode.c.objc; path = AppDelegate.m; sourceTree = "<group>"; };
		6A7263F51AD13A2600B4E15B /* main.m */ = {isa = PBXFileReference; lastKnownFileType = sourcecode.c.objc; path = main.m; sourceTree = "<group>"; };
		6A7263F71AD13A2600B4E15B /* ViewController.h */ = {isa = PBXFileReference; lastKnownFileType = sourcecode.c.h; path = ViewController.h; sourceTree = "<group>"; };
		6A7263F81AD13A2600B4E15B /* ViewController.m */ = {isa = PBXFileReference; lastKnownFileType = sourcecode.c.objc; path = ViewController.m; sourceTree = "<group>"; };
		6A7263FA1AD13A2600B4E15B /* Images.xcassets */ = {isa = PBXFileReference; lastKnownFileType = folder.assetcatalog; path = Images.xcassets; sourceTree = "<group>"; };
		6A7263FD1AD13A2600B4E15B /* Base */ = {isa = PBXFileReference; lastKnownFileType = file.storyboard; name = Base; path = Base.lproj/Main.storyboard; sourceTree = "<group>"; };
		6A7264031AD13A2600B4E15B /* gp4viewerTests.xctest */ = {isa = PBXFileReference; explicitFileType = wrapper.cfbundle; includeInIndex = 0; path = gp4viewerTests.xctest; sourceTree = BUILT_PRODUCTS_DIR; };
		6A7264081AD13A2600B4E15B /* Info.plist */ = {isa = PBXFileReference; lastKnownFileType = text.plist.xml; path = Info.plist; sourceTree = "<group>"; };
		6A7264091AD13A2600B4E15B /* gp4viewerTests.m */ = {isa = PBXFileReference; lastKnownFileType = sourcecode.c.objc; path = gp4viewerTests.m; sourceTree = "<group>"; };
/* End PBXFileReference section */

/* Begin PBXFrameworksBuildPhase section */
		6A7263EA1AD13A2600B4E15B /* Frameworks */ = {
			isa = PBXFrameworksBuildPhase;
			buildActionMask = 2147483647;
			files = (
			);
			runOnlyForDeploymentPostprocessing = 0;
		};
		6A7264001AD13A2600B4E15B /* Frameworks */ = {
			isa = PBXFrameworksBuildPhase;
			buildActionMask = 2147483647;
			files = (
			);
			runOnlyForDeploymentPostprocessing = 0;
		};
/* End PBXFrameworksBuildPhase section */

/* Begin PBXGroup section */
		6A7263E41AD13A2600B4E15B = {
			isa = PBXGroup;
			children = (
				6A7263EF1AD13A2600B4E15B /* gp4viewer */,
				6A7264061AD13A2600B4E15B /* gp4viewerTests */,
				6A7263EE1AD13A2600B4E15B /* Products */,
			);
			sourceTree = "<group>";
		};
		6A7263EE1AD13A2600B4E15B /* Products */ = {
			isa = PBXGroup;
			children = (
				6A7263ED1AD13A2600B4E15B /* gp4viewer.app */,
				6A7264031AD13A2600B4E15B /* gp4viewerTests.xctest */,
			);
			name = Products;
			sourceTree = "<group>";
		};
		6A7263EF1AD13A2600B4E15B /* gp4viewer */ = {
			isa = PBXGroup;
			children = (
				6A7263F21AD13A2600B4E15B /* AppDelegate.h */,
				6A7263F31AD13A2600B4E15B /* AppDelegate.m */,
				6A7263F71AD13A2600B4E15B /* ViewController.h */,
				6A7263F81AD13A2600B4E15B /* ViewController.m */,
				6A7263FA1AD13A2600B4E15B /* Images.xcassets */,
				6A7263FC1AD13A2600B4E15B /* Main.storyboard */,
				6A7263F01AD13A2600B4E15B /* Supporting Files */,
			);
			path = gp4viewer;
			sourceTree = "<group>";
		};
		6A7263F01AD13A2600B4E15B /* Supporting Files */ = {
			isa = PBXGroup;
			children = (
				6A7263F11AD13A2600B4E15B /* Info.plist */,
				6A7263F51AD13A2600B4E15B /* main.m */,
			);
			name = "Supporting Files";
			sourceTree = "<group>";
		};
		6A7264061AD13A2600B4E15B /* gp4viewerTests */ = {
			isa = PBXGroup;
			children = (
				6A7264091AD13A2600B4E15B /* gp4viewerTests.m */,
				6A7264071AD13A2600B4E15B /* Supporting Files */,
			);
			path = gp4viewerTests;
			sourceTree = "<group>";
		};
		6A7264071AD13A2600B4E15B /* Supporting Files */ = {
			isa = PBXGroup;
			children = (
				6A7264081AD13A2600B4E15B /* Info.plist */,
			);
			name = "Supporting Files";
			sourceTree = "<group>";
		};
/* End PBXGroup section */

/* Begin PBXNativeTarget section */
		6A7263EC1AD13A2600B4E15B /* gp4viewer */ = {
			isa = PBXNativeTarget;
			buildConfigurationList = 6A72640D1AD13A2600B4E15B /* Build configuration list for PBXNativeTarget "gp4viewer" */;
			buildPhases = (
				6A7263E91AD13A2600B4E15B /* Sources */,
				6A7263EA1AD13A2600B4E15B /* Frameworks */,
				6A7263EB1AD13A2600B4E15B /* Resources */,
			);
			buildRules = (
			);
			dependencies = (
			);
			name = gp4viewer;
			productName = gp4viewer;
			productReference = 6A7263ED1AD13A2600B4E15B /* gp4viewer.app */;
			productType = "com.apple.product-type.application";
		};
		6A7264021AD13A2600B4E15B /* gp4viewerTests */ = {
			isa = PBXNativeTarget;
			buildConfigurationList = 6A7264101AD13A2600B4E15B /* Build configuration list for PBXNativeTarget "gp4viewerTests" */;
			buildPhases = (
				6A7263FF1AD13A2600B4E15B /* Sources */,
				6A7264001AD13A2600B4E15B /* Frameworks */,
				6A7264011AD13A2600B4E15B /* Resources */,
			);
			buildRules = (
			);
			dependencies = (
				6A7264051AD13A2600B4E15B /* PBXTargetDependency */,
			);
			name = gp4viewerTests;
			productName = gp4viewerTests;
			productReference = 6A7264031AD13A2600B4E15B /* gp4viewerTests.xctest */;
			productType = "com.apple.product-type.bundle.unit-test";
		};
/* End PBXNativeTarget section */

/* Begin PBXProject section */
		6A7263E51AD13A2600B4E15B /* Project object */ = {
			isa = PBXProject;
			attributes = {
				LastUpgradeCheck = 0610;
				ORGANIZATIONNAME = "Olga Didenko";
				TargetAttributes = {
					6A7263EC1AD13A2600B4E15B = {
						CreatedOnToolsVersion = 6.1;
					};
					6A7264021AD13A2600B4E15B = {
						CreatedOnToolsVersion = 6.1;
						TestTargetID = 6A7263EC1AD13A2600B4E15B;
					};
				};
			};
			buildConfigurationList = 6A7263E81AD13A2600B4E15B /* Build configuration list for PBXProject "gp4viewer" */;
			compatibilityVersion = "Xcode 3.2";
			developmentRegion = English;
			hasScannedForEncodings = 0;
			knownRegions = (
				en,
				Base,
			);
			mainGroup = 6A7263E41AD13A2600B4E15B;
			productRefGroup = 6A7263EE1AD13A2600B4E15B /* Products */;
			projectDirPath = "";
			projectRoot = "";
			targets = (
				6A7263EC1AD13A2600B4E15B /* gp4viewer */,
				6A7264021AD13A2600B4E15B /* gp4viewerTests */,
			);
		};
/* End PBXProject section */

/* Begin PBXResourcesBuildPhase section */
		6A7263EB1AD13A2600B4E15B /* Resources */ = {
			isa = PBXResourcesBuildPhase;
			buildActionMask = 2147483647;
			files = (
				6A7263FB1AD13A2600B4E15B /* Images.xcassets in Resources */,
				6A7263FE1AD13A2600B4E15B /* Main.storyboard in Resources */,
			);
			runOnlyForDeploymentPostprocessing = 0;
		};
		6A7264011AD13A2600B4E15B /* Resources */ = {
			isa = PBXResourcesBuildPhase;
			buildActionMask = 2147483647;
			files = (
			);
			runOnlyForDeploymentPostprocessing = 0;
		};
/* End PBXResourcesBuildPhase section */

/* Begin PBXSourcesBuildPhase section */
		6A7263E91AD13A2600B4E15B /* Sources */ = {
			isa = PBXSourcesBuildPhase;
			buildActionMask = 2147483647;
			files = (
				6A7263F91AD13A2600B4E15B /* ViewController.m in Sources */,
				6A7263F61AD13A2600B4E15B /* main.m in Sources */,
				6A7263F41AD13A2600B4E15B /* AppDelegate.m in Sources */,
			);
			runOnlyForDeploymentPostprocessing = 0;
		};
		6A7263FF1AD13A2600B4E15B /* Sources */ = {
			isa = PBXSourcesBuildPhase;
			buildActionMask = 2147483647;
			files = (
				6A72640A1AD13A2600B4E15B /* gp4viewerTests.m in Sources */,
			);
			runOnlyForDeploymentPostprocessing = 0;
		};
/* End PBXSourcesBuildPhase section */

/* Begin PBXTargetDependency section */
		6A7264051AD13A2600B4E15B /* PBXTargetDependency */ = {
			isa = PBXTargetDependency;
			target = 6A7263EC1AD13A2600B4E15B /* gp4viewer */;
			targetProxy = 6A7264041AD13A2600B4E15B /* PBXContainerItemProxy */;
		};
/* End PBXTargetDependency section */

/* Begin PBXVariantGroup section */
		6A7263FC1AD13A2600B4E15B /* Main.storyboard */ = {
			isa = PBXVariantGroup;
			children = (
				6A7263FD1AD13A2600B4E15B /* Base */,
			);
			name = Main.storyboard;
			sourceTree = "<group>";
		};
/* End PBXVariantGroup section */

/* Begin XCBuildConfiguration section */
		6A72640B1AD13A2600B4E15B /* Debug */ = {
			isa = XCBuildConfiguration;
			buildSettings = {
				ALWAYS_SEARCH_USER_PATHS = NO;
				CLANG_CXX_LANGUAGE_STANDARD = "gnu++0x";
				CLANG_CXX_LIBRARY = "libc++";
				CLANG_ENABLE_MODULES = YES;
				CLANG_ENABLE_OBJC_ARC = YES;
				CLANG_WARN_BOOL_CONVERSION = YES;
				CLANG_WARN_CONSTANT_CONVERSION = YES;
				CLANG_WARN_DIRECT_OBJC_ISA_USAGE = YES_ERROR;
				CLANG_WARN_EMPTY_BODY = YES;
				CLANG_WARN_ENUM_CONVERSION = YES;
				CLANG_WARN_INT_CONVERSION = YES;
				CLANG_WARN_OBJC_ROOT_CLASS = YES_ERROR;
				CLANG_WARN_UNREACHABLE_CODE = YES;
				CLANG_WARN__DUPLICATE_METHOD_MATCH = YES;
				CODE_SIGN_IDENTITY = "-";
				COPY_PHASE_STRIP = NO;
				ENABLE_STRICT_OBJC_MSGSEND = YES;
				GCC_C_LANGUAGE_STANDARD = gnu99;
				GCC_DYNAMIC_NO_PIC = NO;
				GCC_OPTIMIZATION_LEVEL = 0;
				GCC_PREPROCESSOR_DEFINITIONS = (
					"DEBUG=1",
					"$(inherited)",
				);
				GCC_SYMBOLS_PRIVATE_EXTERN = NO;
				GCC_WARN_64_TO_32_BIT_CONVERSION = YES;
				GCC_WARN_ABOUT_RETURN_TYPE = YES_ERROR;
				GCC_WARN_UNDECLARED_SELECTOR = YES;
				GCC_WARN_UNINITIALIZED_AUTOS = YES_AGGRESSIVE;
				GCC_WARN_UNUSED_FUNCTION = YES;
				GCC_WARN_UNUSED_VARIABLE = YES;
				MACOSX_DEPLOYMENT_TARGET = 10.10;
				MTL_ENABLE_DEBUG_INFO = YES;
				ONLY_ACTIVE_ARCH = YES;
				SDKROOT = macosx;
			};
			name = Debug;
		};
		6A72640C1AD13A2600B4E15B /* Release */ = {
			isa = XCBuildConfiguration;
			buildSettings = {
				ALWAYS_SEARCH_USER_PATHS = NO;
				CLANG_CXX_LANGUAGE_STANDARD = "gnu++0x";
				CLANG_CXX_LIBRARY = "libc++";
				CLANG_ENABLE_MODULES = YES;
				CLANG_ENABLE_OBJC_ARC = YES;
				CLANG_WARN_BOOL_CONVERSION = YES;
				CLANG_WARN_CONSTANT_CONVERSION = YES;
				CLANG_WARN_DIRECT_OBJC_ISA_USAGE = YES_ERROR;
				CLANG_WARN_EMPTY_BODY = YES;
				CLANG_WARN_ENUM_CONVERSION = YES;
				CLANG_WARN_INT_CONVERSION = YES;
				CLANG_WARN_OBJC_ROOT_CLASS = YES_ERROR;
				CLANG_WARN_UNREACHABLE_CODE = YES;
				CLANG_WARN__DUPLICATE_METHOD_MATCH = YES;
				CODE_SIGN_IDENTITY = "-";
				COPY_PHASE_STRIP = YES;
				DEBUG_INFORMATION_FORMAT = "dwarf-with-dsym";
				ENABLE_NS_ASSERTIONS = NO;
				ENABLE_STRICT_OBJC_MSGSEND = YES;
				GCC_C_LANGUAGE_STANDARD = gnu99;
				GCC_WARN_64_TO_32_BIT_CONVERSION = YES;
				GCC_WARN_ABOUT_RETURN_TYPE = YES_ERROR;
				GCC_WARN_UNDECLARED_SELECTOR = YES;
				GCC_WARN_UNINITIALIZED_AUTOS = YES_AGGRESSIVE;
				GCC_WARN_UNUSED_FUNCTION = YES;
				GCC_WARN_UNUSED_VARIABLE = YES;
				MACOSX_DEPLOYMENT_TARGET = 10.10;
				MTL_ENABLE_DEBUG_INFO = NO;
				SDKROOT = macosx;
			};
			name = Release;
		};
		6A72640E1AD13A2600B4E15B /* Debug */ = {
			isa = XCBuildConfiguration;
			buildSettings = {
				ASSETCATALOG_COMPILER_APPICON_NAME = AppIcon;
				COMBINE_HIDPI_IMAGES = YES;
				INFOPLIST_FILE = gp4viewer/Info.plist;
				LD_RUNPATH_SEARCH_PATHS = "$(inherited) @executable_path/../Frameworks";
				PRODUCT_NAME = "$(TARGET_NAME)";
			};
			name = Debug;
		};
		6A72640F1AD13A2600B4E15B /* Release */ = {
			isa = XCBuildConfiguration;
			buildSettings = {
				ASSETCATALOG_COMPILER_APPICON_NAME = AppIcon;
				COMBINE_HIDPI_IMAGES = YES;
				INFOPLIST_FILE = gp4viewer/Info.plist;
				LD_RUNPATH_SEARCH_PATHS = "$(inherited) @executable_path/../Frameworks";
				PRODUCT_NAME = "$(TARGET_NAME)";
			};
			name = Release;
		};
		6A7264111AD13A2600B4E15B /* Debug */ = {
			isa = XCBuildConfiguration;
			buildSettings = {
				BUNDLE_LOADER = "$(TEST_HOST)";
				COMBINE_HIDPI_IMAGES = YES;
				FRAMEWORK_SEARCH_PATHS = (
					"$(DEVELOPER_FRAMEWORKS_DIR)",
					"$(inherited)",
				);
				GCC_PREPROCESSOR_DEFINITIONS = (
					"DEBUG=1",
					"$(inherited)",
				);
				INFOPLIST_FILE = gp4viewerTests/Info.plist;
				LD_RUNPATH_SEARCH_PATHS = "$(inherited) @executable_path/../Frameworks @loader_path/../Frameworks";
				PRODUCT_NAME = "$(TARGET_NAME)";
				TEST_HOST = "$(BUILT_PRODUCTS_DIR)/gp4viewer.app/Contents/MacOS/gp4viewer";
			};
			name = Debug;
		};
		6A7264121AD13A2600B4E15B /* Release */ = {
			isa = XCBuildConfiguration;
			buildSettings = {
				BUNDLE_LOADER = "$(TEST_HOST)";
				COMBINE_HIDPI_IMAGES = YES;
				FRAMEWORK_SEARCH_PATHS = (
					"$(DEVELOPER_FRAMEWORKS_DIR)",
					"$(inherited)",
				);
				INFOPLIST_FILE = gp4viewerTests/Info.plist;
				LD_RUNPATH_SEARCH_PATHS = "$(inherited) @executable_path/../Frameworks @loader_path/../Frameworks";
				PRODUCT_NAME = "$(TARGET_NAME)";
				TEST_HOST = "$(BUILT_PRODUCTS_DIR)/gp4viewer.app/Contents/MacOS/gp4viewer";
			};
			name = Release;
		};
/* End XCBuildConfiguration section */

/* Begin XCConfigurationList section */
		6A7263E81AD13A2600B4E15B /* Build configuration list for PBXProject "gp4viewer" */ = {
			isa = XCConfigurationList;
			buildConfigurations = (
				6A72640B1AD13A2600B4E15B /* Debug */,
				6A72640C1AD13A2600B4E15B /* Release */,
			);
			defaultConfigurationIsVisible = 0;
			defaultConfigurationName = Release;
		};
		6A72640D1AD13A2600B4E15B /* Build configuration list for PBXNativeTarget "gp4viewer" */ = {
			isa = XCConfigurationList;
			buildConfigurations = (
				6A72640E1AD13A2600B4E15B /* Debug */,
				6A72640F1AD13A2600B4E15B /* Release */,
			);
			defaultConfigurationIsVisible = 0;
		};
		6A7264101AD13A2600B4E15B /* Build configuration list for PBXNativeTarget "gp4viewerTests" */ = {
			isa = XCConfigurationList;
			buildConfigurations = (
				6A7264111AD13A2600B4E15B /* Debug */,
				6A7264121AD13A2600B4E15B /* Release */,
			);
			defaultConfigurationIsVisible = 0;
		};
/* End XCConfigurationList section */
	};
	rootObject = 6A7263E51AD13A2600B4E15B /* Project object */;
}
