// !$*UTF8*$!
{
	archiveVersion = 1;
	classes = {
	};
	objectVersion = 46;
	objects = {

/* Begin PBXBuildFile section */
		6A7263F91AD13A2600B4E15B /* ViewController.m in Sources */ = {isa = PBXBuildFile; fileRef = 6A7263F81AD13A2600B4E15B /* ViewController.m */; };
		6A7264161AD13D8800B4E15B /* SDL2.framework in Frameworks */ = {isa = PBXBuildFile; fileRef = 6A7264151AD13D8800B4E15B /* SDL2.framework */; };
		6A72641A1AD13F5400B4E15B /* SDL2.framework in CopyFiles */ = {isa = PBXBuildFile; fileRef = 6A7264151AD13D8800B4E15B /* SDL2.framework */; settings = {ATTRIBUTES = (CodeSignOnCopy, RemoveHeadersOnCopy, ); }; };
		6A72642D1AD1415500B4E15B /* beat.cpp in Sources */ = {isa = PBXBuildFile; fileRef = 6A72641C1AD1415500B4E15B /* beat.cpp */; };
		6A72642F1AD1415500B4E15B /* common.cpp in Sources */ = {isa = PBXBuildFile; fileRef = 6A72641F1AD1415500B4E15B /* common.cpp */; };
		6A7264311AD1415500B4E15B /* gp4reader.cpp in Sources */ = {isa = PBXBuildFile; fileRef = 6A7264231AD1415500B4E15B /* gp4reader.cpp */; };
		6A7264341AD1415500B4E15B /* main.cpp in Sources */ = {isa = PBXBuildFile; fileRef = 6A7264281AD1415500B4E15B /* main.cpp */; };
		6A7264361AD1415500B4E15B /* note.cpp in Sources */ = {isa = PBXBuildFile; fileRef = 6A72642A1AD1415500B4E15B /* note.cpp */; };
		6A72644D1AD1416100B4E15B /* 1note.gp4 in Resources */ = {isa = PBXBuildFile; fileRef = 6A7264391AD1416100B4E15B /* 1note.gp4 */; };
		6A72644E1AD1416100B4E15B /* 2.gp4 in Resources */ = {isa = PBXBuildFile; fileRef = 6A72643A1AD1416100B4E15B /* 2.gp4 */; };
		6A72644F1AD1416100B4E15B /* 2notes.gp4 in Resources */ = {isa = PBXBuildFile; fileRef = 6A72643B1AD1416100B4E15B /* 2notes.gp4 */; };
		6A7264501AD1416100B4E15B /* 3.gp4 in Resources */ = {isa = PBXBuildFile; fileRef = 6A72643C1AD1416100B4E15B /* 3.gp4 */; };
		6A7264511AD1416100B4E15B /* 4.gp4 in Resources */ = {isa = PBXBuildFile; fileRef = 6A72643D1AD1416100B4E15B /* 4.gp4 */; };
		6A7264521AD1416100B4E15B /* 4notes.gp4 in Resources */ = {isa = PBXBuildFile; fileRef = 6A72643E1AD1416100B4E15B /* 4notes.gp4 */; };
		6A7264531AD1416100B4E15B /* 5.gp4 in Resources */ = {isa = PBXBuildFile; fileRef = 6A72643F1AD1416100B4E15B /* 5.gp4 */; };
		6A7264541AD1416100B4E15B /* 6.gp4 in Resources */ = {isa = PBXBuildFile; fileRef = 6A7264401AD1416100B4E15B /* 6.gp4 */; };
		6A7264551AD1416100B4E15B /* 7.gp4 in Resources */ = {isa = PBXBuildFile; fileRef = 6A7264411AD1416100B4E15B /* 7.gp4 */; };
		6A7264561AD1416100B4E15B /* 8.gp4 in Resources */ = {isa = PBXBuildFile; fileRef = 6A7264421AD1416100B4E15B /* 8.gp4 */; };
		6A7264571AD1416100B4E15B /* Bon Jovi - It's my life.gp4 in Resources */ = {isa = PBXBuildFile; fileRef = 6A7264431AD1416100B4E15B /* Bon Jovi - It's my life.gp4 */; };
		6A7264581AD1416100B4E15B /* changetrack3.gp4 in Resources */ = {isa = PBXBuildFile; fileRef = 6A7264441AD1416100B4E15B /* changetrack3.gp4 */; };
		6A7264591AD1416100B4E15B /* changevalue.gp4 in Resources */ = {isa = PBXBuildFile; fileRef = 6A7264451AD1416100B4E15B /* changevalue.gp4 */; };
		6A72645A1AD1416100B4E15B /* green_day-boulevard_of_broken_dreams_2.gp4 in Resources */ = {isa = PBXBuildFile; fileRef = 6A7264461AD1416100B4E15B /* green_day-boulevard_of_broken_dreams_2.gp4 */; };
		6A72645B1AD1416100B4E15B /* Linkin Park - Somewhere I Belong (5).gp4 in Resources */ = {isa = PBXBuildFile; fileRef = 6A7264471AD1416100B4E15B /* Linkin Park - Somewhere I Belong (5).gp4 */; };
		6A72645C1AD1416100B4E15B /* Linkin_Park-Somewhere_I_Belong.gp4 in Resources */ = {isa = PBXBuildFile; fileRef = 6A7264481AD1416100B4E15B /* Linkin_Park-Somewhere_I_Belong.gp4 */; };
		6A72645D1AD1416100B4E15B /* metallica-the_day_that_never_comes.gp4 in Resources */ = {isa = PBXBuildFile; fileRef = 6A7264491AD1416100B4E15B /* metallica-the_day_that_never_comes.gp4 */; };
		6A72645E1AD1416100B4E15B /* nonenotes.gp4 in Resources */ = {isa = PBXBuildFile; fileRef = 6A72644A1AD1416100B4E15B /* nonenotes.gp4 */; };
		6A72645F1AD1416100B4E15B /* renbourn_john-the_moon_shines_bright.gp4 in Resources */ = {isa = PBXBuildFile; fileRef = 6A72644B1AD1416100B4E15B /* renbourn_john-the_moon_shines_bright.gp4 */; };
		6A7264601AD1416100B4E15B /* system_of_a_down-lonely_day_2.gp5 in Resources */ = {isa = PBXBuildFile; fileRef = 6A72644C1AD1416100B4E15B /* system_of_a_down-lonely_day_2.gp5 */; };
		6A7264781AD1499500B4E15B /* renderer.cpp in Sources */ = {isa = PBXBuildFile; fileRef = 6A7264721AD1499500B4E15B /* renderer.cpp */; };
		6A7264791AD1499500B4E15B /* sdl.cpp in Sources */ = {isa = PBXBuildFile; fileRef = 6A7264741AD1499500B4E15B /* sdl.cpp */; };
		6A72647A1AD1499500B4E15B /* window.cpp in Sources */ = {isa = PBXBuildFile; fileRef = 6A7264761AD1499500B4E15B /* window.cpp */; };
		6A7264831AD152C700B4E15B /* gp4renderer.cpp in Sources */ = {isa = PBXBuildFile; fileRef = 6A7264811AD152C700B4E15B /* gp4renderer.cpp */; };
		6A8897831B11CD570028A34C /* node.cpp in Sources */ = {isa = PBXBuildFile; fileRef = 6A8897811B11CD570028A34C /* node.cpp */; };
		6A8897861B11D15F0028A34C /* node_test_case.cpp in Sources */ = {isa = PBXBuildFile; fileRef = 6A8897841B11D15F0028A34C /* node_test_case.cpp */; };
		6A9A1E911B11F35B009E2012 /* text_node.cpp in Sources */ = {isa = PBXBuildFile; fileRef = 6A9A1E8F1B11F35B009E2012 /* text_node.cpp */; };
		6A9A1E941B122C88009E2012 /* staff_node.cpp in Sources */ = {isa = PBXBuildFile; fileRef = 6A9A1E921B122C88009E2012 /* staff_node.cpp */; };
		6A9A1E9B1B1248C9009E2012 /* root_node.cpp in Sources */ = {isa = PBXBuildFile; fileRef = 6A9A1E991B1248C9009E2012 /* root_node.cpp */; };
		6A9A1E9E1B125F9D009E2012 /* measure_node.cpp in Sources */ = {isa = PBXBuildFile; fileRef = 6A9A1E9C1B125F9D009E2012 /* measure_node.cpp */; };
		6A9A1EA11B12FF41009E2012 /* beat_node.cpp in Sources */ = {isa = PBXBuildFile; fileRef = 6A9A1E9F1B12FF41009E2012 /* beat_node.cpp */; };
		6A9A1EA41B19EAA3009E2012 /* note_node.cpp in Sources */ = {isa = PBXBuildFile; fileRef = 6A9A1EA21B19EAA3009E2012 /* note_node.cpp */; };
		6A9A1EA61B1A4C43009E2012 /* SDL2_image.framework in Frameworks */ = {isa = PBXBuildFile; fileRef = 6A9A1EA51B1A4C43009E2012 /* SDL2_image.framework */; };
		6A9A1EA71B1A4C4C009E2012 /* SDL2_image.framework in Frameworks */ = {isa = PBXBuildFile; fileRef = 6A9A1EA51B1A4C43009E2012 /* SDL2_image.framework */; };
		6A9A1EA81B1A4C4C009E2012 /* SDL2_image.framework in CopyFiles */ = {isa = PBXBuildFile; fileRef = 6A9A1EA51B1A4C43009E2012 /* SDL2_image.framework */; settings = {ATTRIBUTES = (CodeSignOnCopy, RemoveHeadersOnCopy, ); }; };
		6A9A1EAB1B1A4F77009E2012 /* clue.png in Resources */ = {isa = PBXBuildFile; fileRef = 6A9A1EAA1B1A4F77009E2012 /* clue.png */; };
		6A9A1EAD1B1B11D5009E2012 /* simple_note.png in Resources */ = {isa = PBXBuildFile; fileRef = 6A9A1EAC1B1B11D5009E2012 /* simple_note.png */; };
		6A9A1EAF1B1B55F6009E2012 /* config.cpp in Sources */ = {isa = PBXBuildFile; fileRef = 6A9A1EAE1B1B55F6009E2012 /* config.cpp */; };
		6A9A1EB11B1B6C57009E2012 /* whole_note.png in Resources */ = {isa = PBXBuildFile; fileRef = 6A9A1EB01B1B6C57009E2012 /* whole_note.png */; };
		6A9A1EB31B1B75DF009E2012 /* Cwhole_note.png in Resources */ = {isa = PBXBuildFile; fileRef = 6A9A1EB21B1B75DF009E2012 /* Cwhole_note.png */; };
		6ABB72A41AE413A1002033CD /* ARIAL.TTF in Resources */ = {isa = PBXBuildFile; fileRef = 6ABB72A31AE413A1002033CD /* ARIAL.TTF */; };
		6AFB5B7A1AE27AE000B313D8 /* SDL2_ttf.framework in Frameworks */ = {isa = PBXBuildFile; fileRef = 6AFB5B791AE27AE000B313D8 /* SDL2_ttf.framework */; };
		6AFB5B7B1AE27AE000B313D8 /* SDL2_ttf.framework in CopyFiles */ = {isa = PBXBuildFile; fileRef = 6AFB5B791AE27AE000B313D8 /* SDL2_ttf.framework */; settings = {ATTRIBUTES = (CodeSignOnCopy, RemoveHeadersOnCopy, ); }; };
		6AFB5B801AE28F0100B313D8 /* surface.cpp in Sources */ = {isa = PBXBuildFile; fileRef = 6AFB5B7C1AE28F0100B313D8 /* surface.cpp */; };
		6AFB5B811AE28F0100B313D8 /* texture.cpp in Sources */ = {isa = PBXBuildFile; fileRef = 6AFB5B7E1AE28F0100B313D8 /* texture.cpp */; };
		6AFB5B841AE2909800B313D8 /* text_renderer.cpp in Sources */ = {isa = PBXBuildFile; fileRef = 6AFB5B821AE2909800B313D8 /* text_renderer.cpp */; };
		6AFB5B891AE2ADA800B313D8 /* point.cpp in Sources */ = {isa = PBXBuildFile; fileRef = 6AFB5B851AE2ADA800B313D8 /* point.cpp */; };
		6AFB5B8A1AE2ADA800B313D8 /* rect.cpp in Sources */ = {isa = PBXBuildFile; fileRef = 6AFB5B871AE2ADA800B313D8 /* rect.cpp */; };
		6AFB5B8D1AE2B06500B313D8 /* size.cpp in Sources */ = {isa = PBXBuildFile; fileRef = 6AFB5B8B1AE2B06500B313D8 /* size.cpp */; };
		6AFB5B8F1AE38F2B00B313D8 /* SkipLegDay.ttf in Resources */ = {isa = PBXBuildFile; fileRef = 6AFB5B8E1AE38F2B00B313D8 /* SkipLegDay.ttf */; };
/* End PBXBuildFile section */

/* Begin PBXCopyFilesBuildPhase section */
		6A7264191AD13F4700B4E15B /* CopyFiles */ = {
			isa = PBXCopyFilesBuildPhase;
			buildActionMask = 2147483647;
			dstPath = "";
			dstSubfolderSpec = 10;
			files = (
				6A9A1EA81B1A4C4C009E2012 /* SDL2_image.framework in CopyFiles */,
				6AFB5B7B1AE27AE000B313D8 /* SDL2_ttf.framework in CopyFiles */,
				6A72641A1AD13F5400B4E15B /* SDL2.framework in CopyFiles */,
			);
			runOnlyForDeploymentPostprocessing = 0;
		};
/* End PBXCopyFilesBuildPhase section */

/* Begin PBXFileReference section */
		6A7263ED1AD13A2600B4E15B /* gp4viewer.app */ = {isa = PBXFileReference; explicitFileType = wrapper.application; includeInIndex = 0; path = gp4viewer.app; sourceTree = BUILT_PRODUCTS_DIR; };
		6A7263F11AD13A2600B4E15B /* Info.plist */ = {isa = PBXFileReference; lastKnownFileType = text.plist.xml; path = Info.plist; sourceTree = "<group>"; };
		6A7263F71AD13A2600B4E15B /* ViewController.h */ = {isa = PBXFileReference; lastKnownFileType = sourcecode.c.h; path = ViewController.h; sourceTree = "<group>"; };
		6A7263F81AD13A2600B4E15B /* ViewController.m */ = {isa = PBXFileReference; lastKnownFileType = sourcecode.c.objc; path = ViewController.m; sourceTree = "<group>"; };
		6A7263FD1AD13A2600B4E15B /* Base */ = {isa = PBXFileReference; lastKnownFileType = file.storyboard; name = Base; path = Base.lproj/Main.storyboard; sourceTree = "<group>"; };
		6A7264151AD13D8800B4E15B /* SDL2.framework */ = {isa = PBXFileReference; lastKnownFileType = wrapper.framework; name = SDL2.framework; path = gp4viewer/lib/SDL2.framework; sourceTree = "<group>"; };
		6A72641C1AD1415500B4E15B /* beat.cpp */ = {isa = PBXFileReference; fileEncoding = 4; lastKnownFileType = sourcecode.cpp.cpp; path = beat.cpp; sourceTree = "<group>"; };
		6A72641D1AD1415500B4E15B /* beat.h */ = {isa = PBXFileReference; fileEncoding = 4; lastKnownFileType = sourcecode.c.h; path = beat.h; sourceTree = "<group>"; };
		6A72641F1AD1415500B4E15B /* common.cpp */ = {isa = PBXFileReference; fileEncoding = 4; lastKnownFileType = sourcecode.cpp.cpp; path = common.cpp; sourceTree = "<group>"; };
		6A7264201AD1415500B4E15B /* common.h */ = {isa = PBXFileReference; fileEncoding = 4; lastKnownFileType = sourcecode.c.h; path = common.h; sourceTree = "<group>"; };
		6A7264221AD1415500B4E15B /* gp4data.h */ = {isa = PBXFileReference; fileEncoding = 4; lastKnownFileType = sourcecode.c.h; path = gp4data.h; sourceTree = "<group>"; };
		6A7264231AD1415500B4E15B /* gp4reader.cpp */ = {isa = PBXFileReference; fileEncoding = 4; lastKnownFileType = sourcecode.cpp.cpp; path = gp4reader.cpp; sourceTree = "<group>"; };
		6A7264241AD1415500B4E15B /* gp4reader.h */ = {isa = PBXFileReference; fileEncoding = 4; lastKnownFileType = sourcecode.c.h; path = gp4reader.h; sourceTree = "<group>"; };
		6A7264281AD1415500B4E15B /* main.cpp */ = {isa = PBXFileReference; fileEncoding = 4; lastKnownFileType = sourcecode.cpp.cpp; path = main.cpp; sourceTree = "<group>"; };
		6A72642A1AD1415500B4E15B /* note.cpp */ = {isa = PBXFileReference; fileEncoding = 4; lastKnownFileType = sourcecode.cpp.cpp; path = note.cpp; sourceTree = "<group>"; };
		6A72642B1AD1415500B4E15B /* note.h */ = {isa = PBXFileReference; fileEncoding = 4; lastKnownFileType = sourcecode.c.h; path = note.h; sourceTree = "<group>"; };
		6A7264391AD1416100B4E15B /* 1note.gp4 */ = {isa = PBXFileReference; lastKnownFileType = file; path = 1note.gp4; sourceTree = "<group>"; };
		6A72643A1AD1416100B4E15B /* 2.gp4 */ = {isa = PBXFileReference; lastKnownFileType = file; path = 2.gp4; sourceTree = "<group>"; };
		6A72643B1AD1416100B4E15B /* 2notes.gp4 */ = {isa = PBXFileReference; lastKnownFileType = file; path = 2notes.gp4; sourceTree = "<group>"; };
		6A72643C1AD1416100B4E15B /* 3.gp4 */ = {isa = PBXFileReference; lastKnownFileType = file; path = 3.gp4; sourceTree = "<group>"; };
		6A72643D1AD1416100B4E15B /* 4.gp4 */ = {isa = PBXFileReference; lastKnownFileType = file; path = 4.gp4; sourceTree = "<group>"; };
		6A72643E1AD1416100B4E15B /* 4notes.gp4 */ = {isa = PBXFileReference; lastKnownFileType = file; path = 4notes.gp4; sourceTree = "<group>"; };
		6A72643F1AD1416100B4E15B /* 5.gp4 */ = {isa = PBXFileReference; lastKnownFileType = file; path = 5.gp4; sourceTree = "<group>"; };
		6A7264401AD1416100B4E15B /* 6.gp4 */ = {isa = PBXFileReference; lastKnownFileType = file; path = 6.gp4; sourceTree = "<group>"; };
		6A7264411AD1416100B4E15B /* 7.gp4 */ = {isa = PBXFileReference; lastKnownFileType = file; path = 7.gp4; sourceTree = "<group>"; };
		6A7264421AD1416100B4E15B /* 8.gp4 */ = {isa = PBXFileReference; lastKnownFileType = file; path = 8.gp4; sourceTree = "<group>"; };
		6A7264431AD1416100B4E15B /* Bon Jovi - It's my life.gp4 */ = {isa = PBXFileReference; lastKnownFileType = file; path = "Bon Jovi - It's my life.gp4"; sourceTree = "<group>"; };
		6A7264441AD1416100B4E15B /* changetrack3.gp4 */ = {isa = PBXFileReference; lastKnownFileType = file; path = changetrack3.gp4; sourceTree = "<group>"; };
		6A7264451AD1416100B4E15B /* changevalue.gp4 */ = {isa = PBXFileReference; lastKnownFileType = file; path = changevalue.gp4; sourceTree = "<group>"; };
		6A7264461AD1416100B4E15B /* green_day-boulevard_of_broken_dreams_2.gp4 */ = {isa = PBXFileReference; lastKnownFileType = file; path = "green_day-boulevard_of_broken_dreams_2.gp4"; sourceTree = "<group>"; };
		6A7264471AD1416100B4E15B /* Linkin Park - Somewhere I Belong (5).gp4 */ = {isa = PBXFileReference; lastKnownFileType = file; path = "Linkin Park - Somewhere I Belong (5).gp4"; sourceTree = "<group>"; };
		6A7264481AD1416100B4E15B /* Linkin_Park-Somewhere_I_Belong.gp4 */ = {isa = PBXFileReference; lastKnownFileType = file; path = "Linkin_Park-Somewhere_I_Belong.gp4"; sourceTree = "<group>"; };
		6A7264491AD1416100B4E15B /* metallica-the_day_that_never_comes.gp4 */ = {isa = PBXFileReference; lastKnownFileType = file; path = "metallica-the_day_that_never_comes.gp4"; sourceTree = "<group>"; };
		6A72644A1AD1416100B4E15B /* nonenotes.gp4 */ = {isa = PBXFileReference; lastKnownFileType = file; path = nonenotes.gp4; sourceTree = "<group>"; };
		6A72644B1AD1416100B4E15B /* renbourn_john-the_moon_shines_bright.gp4 */ = {isa = PBXFileReference; lastKnownFileType = file; path = "renbourn_john-the_moon_shines_bright.gp4"; sourceTree = "<group>"; };
		6A72644C1AD1416100B4E15B /* system_of_a_down-lonely_day_2.gp5 */ = {isa = PBXFileReference; lastKnownFileType = file; path = "system_of_a_down-lonely_day_2.gp5"; sourceTree = "<group>"; };
		6A7264721AD1499500B4E15B /* renderer.cpp */ = {isa = PBXFileReference; fileEncoding = 4; lastKnownFileType = sourcecode.cpp.cpp; path = renderer.cpp; sourceTree = "<group>"; };
		6A7264731AD1499500B4E15B /* renderer.h */ = {isa = PBXFileReference; fileEncoding = 4; lastKnownFileType = sourcecode.c.h; path = renderer.h; sourceTree = "<group>"; };
		6A7264741AD1499500B4E15B /* sdl.cpp */ = {isa = PBXFileReference; fileEncoding = 4; lastKnownFileType = sourcecode.cpp.cpp; path = sdl.cpp; sourceTree = "<group>"; };
		6A7264751AD1499500B4E15B /* sdl.h */ = {isa = PBXFileReference; fileEncoding = 4; lastKnownFileType = sourcecode.c.h; path = sdl.h; sourceTree = "<group>"; };
		6A7264761AD1499500B4E15B /* window.cpp */ = {isa = PBXFileReference; fileEncoding = 4; lastKnownFileType = sourcecode.cpp.cpp; path = window.cpp; sourceTree = "<group>"; };
		6A7264771AD1499500B4E15B /* window.h */ = {isa = PBXFileReference; fileEncoding = 4; lastKnownFileType = sourcecode.c.h; path = window.h; sourceTree = "<group>"; };
		6A7264811AD152C700B4E15B /* gp4renderer.cpp */ = {isa = PBXFileReference; fileEncoding = 4; lastKnownFileType = sourcecode.cpp.cpp; path = gp4renderer.cpp; sourceTree = "<group>"; };
		6A7264821AD152C700B4E15B /* gp4renderer.h */ = {isa = PBXFileReference; fileEncoding = 4; lastKnownFileType = sourcecode.c.h; path = gp4renderer.h; sourceTree = "<group>"; };
		6A8897811B11CD570028A34C /* node.cpp */ = {isa = PBXFileReference; fileEncoding = 4; lastKnownFileType = sourcecode.cpp.cpp; path = node.cpp; sourceTree = "<group>"; };
		6A8897821B11CD570028A34C /* node.h */ = {isa = PBXFileReference; fileEncoding = 4; lastKnownFileType = sourcecode.c.h; path = node.h; sourceTree = "<group>"; };
		6A8897841B11D15F0028A34C /* node_test_case.cpp */ = {isa = PBXFileReference; fileEncoding = 4; lastKnownFileType = sourcecode.cpp.cpp; path = node_test_case.cpp; sourceTree = "<group>"; };
		6A8897851B11D15F0028A34C /* node_test_case.h */ = {isa = PBXFileReference; fileEncoding = 4; lastKnownFileType = sourcecode.c.h; path = node_test_case.h; sourceTree = "<group>"; };
		6A9A1E8F1B11F35B009E2012 /* text_node.cpp */ = {isa = PBXFileReference; fileEncoding = 4; lastKnownFileType = sourcecode.cpp.cpp; path = text_node.cpp; sourceTree = "<group>"; };
		6A9A1E901B11F35B009E2012 /* text_node.h */ = {isa = PBXFileReference; fileEncoding = 4; lastKnownFileType = sourcecode.c.h; path = text_node.h; sourceTree = "<group>"; };
		6A9A1E921B122C88009E2012 /* staff_node.cpp */ = {isa = PBXFileReference; fileEncoding = 4; lastKnownFileType = sourcecode.cpp.cpp; name = staff_node.cpp; path = ../staff_node.cpp; sourceTree = "<group>"; };
		6A9A1E931B122C88009E2012 /* staff_node.h */ = {isa = PBXFileReference; fileEncoding = 4; lastKnownFileType = sourcecode.c.h; name = staff_node.h; path = ../staff_node.h; sourceTree = "<group>"; };
		6A9A1E951B122DA9009E2012 /* config.h */ = {isa = PBXFileReference; lastKnownFileType = sourcecode.c.h; path = config.h; sourceTree = "<group>"; };
		6A9A1E991B1248C9009E2012 /* root_node.cpp */ = {isa = PBXFileReference; fileEncoding = 4; lastKnownFileType = sourcecode.cpp.cpp; path = root_node.cpp; sourceTree = "<group>"; };
		6A9A1E9A1B1248C9009E2012 /* root_node.h */ = {isa = PBXFileReference; fileEncoding = 4; lastKnownFileType = sourcecode.c.h; path = root_node.h; sourceTree = "<group>"; };
		6A9A1E9C1B125F9D009E2012 /* measure_node.cpp */ = {isa = PBXFileReference; fileEncoding = 4; lastKnownFileType = sourcecode.cpp.cpp; path = measure_node.cpp; sourceTree = "<group>"; };
		6A9A1E9D1B125F9D009E2012 /* measure_node.h */ = {isa = PBXFileReference; fileEncoding = 4; lastKnownFileType = sourcecode.c.h; path = measure_node.h; sourceTree = "<group>"; };
		6A9A1E9F1B12FF41009E2012 /* beat_node.cpp */ = {isa = PBXFileReference; fileEncoding = 4; lastKnownFileType = sourcecode.cpp.cpp; path = beat_node.cpp; sourceTree = "<group>"; };
		6A9A1EA01B12FF41009E2012 /* beat_node.h */ = {isa = PBXFileReference; fileEncoding = 4; lastKnownFileType = sourcecode.c.h; path = beat_node.h; sourceTree = "<group>"; };
		6A9A1EA21B19EAA3009E2012 /* note_node.cpp */ = {isa = PBXFileReference; fileEncoding = 4; lastKnownFileType = sourcecode.cpp.cpp; path = note_node.cpp; sourceTree = "<group>"; };
		6A9A1EA31B19EAA3009E2012 /* note_node.h */ = {isa = PBXFileReference; fileEncoding = 4; lastKnownFileType = sourcecode.c.h; path = note_node.h; sourceTree = "<group>"; };
		6A9A1EA51B1A4C43009E2012 /* SDL2_image.framework */ = {isa = PBXFileReference; lastKnownFileType = wrapper.framework; name = SDL2_image.framework; path = gp4viewer/lib/SDL2_image.framework; sourceTree = "<group>"; };
		6A9A1EAA1B1A4F77009E2012 /* clue.png */ = {isa = PBXFileReference; lastKnownFileType = image.png; path = clue.png; sourceTree = "<group>"; };
		6A9A1EAC1B1B11D5009E2012 /* simple_note.png */ = {isa = PBXFileReference; lastKnownFileType = image.png; path = simple_note.png; sourceTree = "<group>"; };
		6A9A1EAE1B1B55F6009E2012 /* config.cpp */ = {isa = PBXFileReference; fileEncoding = 4; lastKnownFileType = sourcecode.cpp.cpp; path = config.cpp; sourceTree = "<group>"; };
		6A9A1EB01B1B6C57009E2012 /* whole_note.png */ = {isa = PBXFileReference; lastKnownFileType = image.png; path = whole_note.png; sourceTree = "<group>"; };
		6A9A1EB21B1B75DF009E2012 /* Cwhole_note.png */ = {isa = PBXFileReference; lastKnownFileType = image.png; path = Cwhole_note.png; sourceTree = "<group>"; };
		6ABB72A31AE413A1002033CD /* ARIAL.TTF */ = {isa = PBXFileReference; lastKnownFileType = file; name = ARIAL.TTF; path = res/ARIAL.TTF; sourceTree = "<group>"; };
		6AFB5B791AE27AE000B313D8 /* SDL2_ttf.framework */ = {isa = PBXFileReference; lastKnownFileType = wrapper.framework; name = SDL2_ttf.framework; path = gp4viewer/lib/SDL2_ttf.framework; sourceTree = "<group>"; };
		6AFB5B7C1AE28F0100B313D8 /* surface.cpp */ = {isa = PBXFileReference; fileEncoding = 4; lastKnownFileType = sourcecode.cpp.cpp; path = surface.cpp; sourceTree = "<group>"; };
		6AFB5B7D1AE28F0100B313D8 /* surface.h */ = {isa = PBXFileReference; fileEncoding = 4; lastKnownFileType = sourcecode.c.h; path = surface.h; sourceTree = "<group>"; };
		6AFB5B7E1AE28F0100B313D8 /* texture.cpp */ = {isa = PBXFileReference; fileEncoding = 4; lastKnownFileType = sourcecode.cpp.cpp; path = texture.cpp; sourceTree = "<group>"; };
		6AFB5B7F1AE28F0100B313D8 /* texture.h */ = {isa = PBXFileReference; fileEncoding = 4; lastKnownFileType = sourcecode.c.h; path = texture.h; sourceTree = "<group>"; };
		6AFB5B821AE2909800B313D8 /* text_renderer.cpp */ = {isa = PBXFileReference; fileEncoding = 4; lastKnownFileType = sourcecode.cpp.cpp; path = text_renderer.cpp; sourceTree = "<group>"; };
		6AFB5B831AE2909800B313D8 /* text_renderer.h */ = {isa = PBXFileReference; fileEncoding = 4; lastKnownFileType = sourcecode.c.h; path = text_renderer.h; sourceTree = "<group>"; };
		6AFB5B851AE2ADA800B313D8 /* point.cpp */ = {isa = PBXFileReference; fileEncoding = 4; lastKnownFileType = sourcecode.cpp.cpp; path = point.cpp; sourceTree = "<group>"; };
		6AFB5B861AE2ADA800B313D8 /* point.h */ = {isa = PBXFileReference; fileEncoding = 4; lastKnownFileType = sourcecode.c.h; path = point.h; sourceTree = "<group>"; };
		6AFB5B871AE2ADA800B313D8 /* rect.cpp */ = {isa = PBXFileReference; fileEncoding = 4; lastKnownFileType = sourcecode.cpp.cpp; path = rect.cpp; sourceTree = "<group>"; };
		6AFB5B881AE2ADA800B313D8 /* rect.h */ = {isa = PBXFileReference; fileEncoding = 4; lastKnownFileType = sourcecode.c.h; path = rect.h; sourceTree = "<group>"; };
		6AFB5B8B1AE2B06500B313D8 /* size.cpp */ = {isa = PBXFileReference; fileEncoding = 4; lastKnownFileType = sourcecode.cpp.cpp; path = size.cpp; sourceTree = "<group>"; };
		6AFB5B8C1AE2B06500B313D8 /* size.h */ = {isa = PBXFileReference; fileEncoding = 4; lastKnownFileType = sourcecode.c.h; path = size.h; sourceTree = "<group>"; };
		6AFB5B8E1AE38F2B00B313D8 /* SkipLegDay.ttf */ = {isa = PBXFileReference; lastKnownFileType = file; name = SkipLegDay.ttf; path = res/SkipLegDay.ttf; sourceTree = "<group>"; };
/* End PBXFileReference section */

/* Begin PBXFrameworksBuildPhase section */
		6A7263EA1AD13A2600B4E15B /* Frameworks */ = {
			isa = PBXFrameworksBuildPhase;
			buildActionMask = 2147483647;
			files = (
				6A9A1EA61B1A4C43009E2012 /* SDL2_image.framework in Frameworks */,
				6AFB5B7A1AE27AE000B313D8 /* SDL2_ttf.framework in Frameworks */,
				6A7264161AD13D8800B4E15B /* SDL2.framework in Frameworks */,
				6A9A1EA71B1A4C4C009E2012 /* SDL2_image.framework in Frameworks */,
			);
			runOnlyForDeploymentPostprocessing = 0;
		};
/* End PBXFrameworksBuildPhase section */

/* Begin PBXGroup section */
		6A7263E41AD13A2600B4E15B = {
			isa = PBXGroup;
			children = (
				6A7263EF1AD13A2600B4E15B /* gp4viewer */,
				6A7264181AD13E7200B4E15B /* Frameworks */,
				6A7263EE1AD13A2600B4E15B /* Products */,
			);
			sourceTree = "<group>";
		};
		6A7263EE1AD13A2600B4E15B /* Products */ = {
			isa = PBXGroup;
			children = (
				6A7263ED1AD13A2600B4E15B /* gp4viewer.app */,
			);
			name = Products;
			sourceTree = "<group>";
		};
		6A7263EF1AD13A2600B4E15B /* gp4viewer */ = {
			isa = PBXGroup;
			children = (
				6A7264381AD1416100B4E15B /* data */,
				6AFB5B901AE38F3500B313D8 /* res */,
				6A72641B1AD1415500B4E15B /* src */,
				6A7263F71AD13A2600B4E15B /* ViewController.h */,
				6A7263F81AD13A2600B4E15B /* ViewController.m */,
				6A7263FC1AD13A2600B4E15B /* Main.storyboard */,
				6A7263F01AD13A2600B4E15B /* Supporting Files */,
			);
			path = gp4viewer;
			sourceTree = "<group>";
		};
		6A7263F01AD13A2600B4E15B /* Supporting Files */ = {
			isa = PBXGroup;
			children = (
				6A7263F11AD13A2600B4E15B /* Info.plist */,
			);
			name = "Supporting Files";
			sourceTree = "<group>";
		};
		6A7264181AD13E7200B4E15B /* Frameworks */ = {
			isa = PBXGroup;
			children = (
				6A9A1EA51B1A4C43009E2012 /* SDL2_image.framework */,
				6AFB5B791AE27AE000B313D8 /* SDL2_ttf.framework */,
				6A7264151AD13D8800B4E15B /* SDL2.framework */,
			);
			name = Frameworks;
			sourceTree = "<group>";
		};
		6A72641B1AD1415500B4E15B /* src */ = {
			isa = PBXGroup;
			children = (
				6A7264711AD1499500B4E15B /* render */,
				6A7264281AD1415500B4E15B /* main.cpp */,
				6A72641D1AD1415500B4E15B /* beat.h */,
				6A72641C1AD1415500B4E15B /* beat.cpp */,
				6A7264201AD1415500B4E15B /* common.h */,
				6A72641F1AD1415500B4E15B /* common.cpp */,
				6A7264221AD1415500B4E15B /* gp4data.h */,
				6A7264241AD1415500B4E15B /* gp4reader.h */,
				6A7264231AD1415500B4E15B /* gp4reader.cpp */,
				6A72642B1AD1415500B4E15B /* note.h */,
				6A72642A1AD1415500B4E15B /* note.cpp */,
			);
			path = src;
			sourceTree = "<group>";
		};
		6A7264381AD1416100B4E15B /* data */ = {
			isa = PBXGroup;
			children = (
				6A7264391AD1416100B4E15B /* 1note.gp4 */,
				6A72643A1AD1416100B4E15B /* 2.gp4 */,
				6A72643B1AD1416100B4E15B /* 2notes.gp4 */,
				6A72643C1AD1416100B4E15B /* 3.gp4 */,
				6A72643D1AD1416100B4E15B /* 4.gp4 */,
				6A72643E1AD1416100B4E15B /* 4notes.gp4 */,
				6A72643F1AD1416100B4E15B /* 5.gp4 */,
				6A7264401AD1416100B4E15B /* 6.gp4 */,
				6A7264411AD1416100B4E15B /* 7.gp4 */,
				6A7264421AD1416100B4E15B /* 8.gp4 */,
				6A7264431AD1416100B4E15B /* Bon Jovi - It's my life.gp4 */,
				6A7264441AD1416100B4E15B /* changetrack3.gp4 */,
				6A7264451AD1416100B4E15B /* changevalue.gp4 */,
				6A7264461AD1416100B4E15B /* green_day-boulevard_of_broken_dreams_2.gp4 */,
				6A7264471AD1416100B4E15B /* Linkin Park - Somewhere I Belong (5).gp4 */,
				6A7264481AD1416100B4E15B /* Linkin_Park-Somewhere_I_Belong.gp4 */,
				6A7264491AD1416100B4E15B /* metallica-the_day_that_never_comes.gp4 */,
				6A72644A1AD1416100B4E15B /* nonenotes.gp4 */,
				6A72644B1AD1416100B4E15B /* renbourn_john-the_moon_shines_bright.gp4 */,
				6A72644C1AD1416100B4E15B /* system_of_a_down-lonely_day_2.gp5 */,
			);
			path = data;
			sourceTree = "<group>";
		};
		6A7264711AD1499500B4E15B /* render */ = {
			isa = PBXGroup;
			children = (
				6A7264751AD1499500B4E15B /* sdl.h */,
				6A7264741AD1499500B4E15B /* sdl.cpp */,
				6A7264731AD1499500B4E15B /* renderer.h */,
				6A7264721AD1499500B4E15B /* renderer.cpp */,
				6AFB5B7D1AE28F0100B313D8 /* surface.h */,
				6AFB5B7C1AE28F0100B313D8 /* surface.cpp */,
				6AFB5B7F1AE28F0100B313D8 /* texture.h */,
				6AFB5B7E1AE28F0100B313D8 /* texture.cpp */,
				6A7264771AD1499500B4E15B /* window.h */,
				6A7264761AD1499500B4E15B /* window.cpp */,
				6AFB5B8C1AE2B06500B313D8 /* size.h */,
				6AFB5B8B1AE2B06500B313D8 /* size.cpp */,
				6AFB5B861AE2ADA800B313D8 /* point.h */,
				6AFB5B851AE2ADA800B313D8 /* point.cpp */,
				6AFB5B881AE2ADA800B313D8 /* rect.h */,
				6AFB5B871AE2ADA800B313D8 /* rect.cpp */,
				6AFB5B831AE2909800B313D8 /* text_renderer.h */,
				6AFB5B821AE2909800B313D8 /* text_renderer.cpp */,
				6A7264821AD152C700B4E15B /* gp4renderer.h */,
				6A7264811AD152C700B4E15B /* gp4renderer.cpp */,
				6A8897821B11CD570028A34C /* node.h */,
				6A8897811B11CD570028A34C /* node.cpp */,
				6A8897851B11D15F0028A34C /* node_test_case.h */,
				6A8897841B11D15F0028A34C /* node_test_case.cpp */,
				6A9A1E931B122C88009E2012 /* staff_node.h */,
				6A9A1E921B122C88009E2012 /* staff_node.cpp */,
				6A9A1E901B11F35B009E2012 /* text_node.h */,
				6A9A1E8F1B11F35B009E2012 /* text_node.cpp */,
				6A9A1E951B122DA9009E2012 /* config.h */,
				6A9A1EAE1B1B55F6009E2012 /* config.cpp */,
				6A9A1E9A1B1248C9009E2012 /* root_node.h */,
				6A9A1E991B1248C9009E2012 /* root_node.cpp */,
				6A9A1E9D1B125F9D009E2012 /* measure_node.h */,
				6A9A1E9C1B125F9D009E2012 /* measure_node.cpp */,
				6A9A1EA01B12FF41009E2012 /* beat_node.h */,
				6A9A1E9F1B12FF41009E2012 /* beat_node.cpp */,
				6A9A1EA31B19EAA3009E2012 /* note_node.h */,
				6A9A1EA21B19EAA3009E2012 /* note_node.cpp */,
			);
			path = render;
			sourceTree = "<group>";
		};
		6A9A1EA91B1A4F77009E2012 /* notes */ = {
			isa = PBXGroup;
			children = (
				6A9A1EB21B1B75DF009E2012 /* Cwhole_note.png */,
				6A9A1EB01B1B6C57009E2012 /* whole_note.png */,
				6A9A1EAC1B1B11D5009E2012 /* simple_note.png */,
				6A9A1EAA1B1A4F77009E2012 /* clue.png */,
			);
			name = notes;
			path = res/notes;
			sourceTree = "<group>";
		};
		6AFB5B901AE38F3500B313D8 /* res */ = {
			isa = PBXGroup;
			children = (
				6A9A1EA91B1A4F77009E2012 /* notes */,
				6ABB72A31AE413A1002033CD /* ARIAL.TTF */,
				6AFB5B8E1AE38F2B00B313D8 /* SkipLegDay.ttf */,
			);
			name = res;
			sourceTree = "<group>";
		};
/* End PBXGroup section */

/* Begin PBXNativeTarget section */
		6A7263EC1AD13A2600B4E15B /* gp4viewer */ = {
			isa = PBXNativeTarget;
			buildConfigurationList = 6A72640D1AD13A2600B4E15B /* Build configuration list for PBXNativeTarget "gp4viewer" */;
			buildPhases = (
				6A7263E91AD13A2600B4E15B /* Sources */,
				6A7263EA1AD13A2600B4E15B /* Frameworks */,
				6A7263EB1AD13A2600B4E15B /* Resources */,
				6A7264191AD13F4700B4E15B /* CopyFiles */,
			);
			buildRules = (
			);
			dependencies = (
			);
			name = gp4viewer;
			productName = gp4viewer;
			productReference = 6A7263ED1AD13A2600B4E15B /* gp4viewer.app */;
			productType = "com.apple.product-type.application";
		};
/* End PBXNativeTarget section */

/* Begin PBXProject section */
		6A7263E51AD13A2600B4E15B /* Project object */ = {
			isa = PBXProject;
			attributes = {
				LastUpgradeCheck = 0610;
				ORGANIZATIONNAME = "Olga Didenko";
				TargetAttributes = {
					6A7263EC1AD13A2600B4E15B = {
						CreatedOnToolsVersion = 6.1;
					};
				};
			};
			buildConfigurationList = 6A7263E81AD13A2600B4E15B /* Build configuration list for PBXProject "gp4viewer" */;
			compatibilityVersion = "Xcode 3.2";
			developmentRegion = English;
			hasScannedForEncodings = 0;
			knownRegions = (
				en,
				Base,
			);
			mainGroup = 6A7263E41AD13A2600B4E15B;
			productRefGroup = 6A7263EE1AD13A2600B4E15B /* Products */;
			projectDirPath = "";
			projectRoot = "";
			targets = (
				6A7263EC1AD13A2600B4E15B /* gp4viewer */,
			);
		};
/* End PBXProject section */

/* Begin PBXResourcesBuildPhase section */
		6A7263EB1AD13A2600B4E15B /* Resources */ = {
			isa = PBXResourcesBuildPhase;
			buildActionMask = 2147483647;
			files = (
				6A9A1EB11B1B6C57009E2012 /* whole_note.png in Resources */,
				6A7264521AD1416100B4E15B /* 4notes.gp4 in Resources */,
				6A72644E1AD1416100B4E15B /* 2.gp4 in Resources */,
				6A7264501AD1416100B4E15B /* 3.gp4 in Resources */,
				6A72645C1AD1416100B4E15B /* Linkin_Park-Somewhere_I_Belong.gp4 in Resources */,
				6A72644D1AD1416100B4E15B /* 1note.gp4 in Resources */,
				6A7264571AD1416100B4E15B /* Bon Jovi - It's my life.gp4 in Resources */,
				6A7264591AD1416100B4E15B /* changevalue.gp4 in Resources */,
				6A72645F1AD1416100B4E15B /* renbourn_john-the_moon_shines_bright.gp4 in Resources */,
				6A72645D1AD1416100B4E15B /* metallica-the_day_that_never_comes.gp4 in Resources */,
				6A72645A1AD1416100B4E15B /* green_day-boulevard_of_broken_dreams_2.gp4 in Resources */,
				6A72645B1AD1416100B4E15B /* Linkin Park - Somewhere I Belong (5).gp4 in Resources */,
				6A7264541AD1416100B4E15B /* 6.gp4 in Resources */,
				6A7264531AD1416100B4E15B /* 5.gp4 in Resources */,
				6A7264561AD1416100B4E15B /* 8.gp4 in Resources */,
				6ABB72A41AE413A1002033CD /* ARIAL.TTF in Resources */,
				6A7264551AD1416100B4E15B /* 7.gp4 in Resources */,
				6A9A1EB31B1B75DF009E2012 /* Cwhole_note.png in Resources */,
				6AFB5B8F1AE38F2B00B313D8 /* SkipLegDay.ttf in Resources */,
				6A9A1EAD1B1B11D5009E2012 /* simple_note.png in Resources */,
				6A9A1EAB1B1A4F77009E2012 /* clue.png in Resources */,
				6A72644F1AD1416100B4E15B /* 2notes.gp4 in Resources */,
				6A7264511AD1416100B4E15B /* 4.gp4 in Resources */,
				6A7264581AD1416100B4E15B /* changetrack3.gp4 in Resources */,
				6A72645E1AD1416100B4E15B /* nonenotes.gp4 in Resources */,
				6A7264601AD1416100B4E15B /* system_of_a_down-lonely_day_2.gp5 in Resources */,
			);
			runOnlyForDeploymentPostprocessing = 0;
		};
/* End PBXResourcesBuildPhase section */

/* Begin PBXSourcesBuildPhase section */
		6A7263E91AD13A2600B4E15B /* Sources */ = {
			isa = PBXSourcesBuildPhase;
			buildActionMask = 2147483647;
			files = (
				6A72642F1AD1415500B4E15B /* common.cpp in Sources */,
				6A7264311AD1415500B4E15B /* gp4reader.cpp in Sources */,
				6A9A1E9E1B125F9D009E2012 /* measure_node.cpp in Sources */,
				6A7264831AD152C700B4E15B /* gp4renderer.cpp in Sources */,
				6A8897861B11D15F0028A34C /* node_test_case.cpp in Sources */,
				6A7264341AD1415500B4E15B /* main.cpp in Sources */,
				6AFB5B8D1AE2B06500B313D8 /* size.cpp in Sources */,
				6A9A1E911B11F35B009E2012 /* text_node.cpp in Sources */,
				6AFB5B801AE28F0100B313D8 /* surface.cpp in Sources */,
				6A9A1EAF1B1B55F6009E2012 /* config.cpp in Sources */,
				6AFB5B841AE2909800B313D8 /* text_renderer.cpp in Sources */,
				6A7264791AD1499500B4E15B /* sdl.cpp in Sources */,
				6A72647A1AD1499500B4E15B /* window.cpp in Sources */,
				6A9A1E9B1B1248C9009E2012 /* root_node.cpp in Sources */,
				6A9A1EA11B12FF41009E2012 /* beat_node.cpp in Sources */,
				6A7263F91AD13A2600B4E15B /* ViewController.m in Sources */,
				6A9A1E941B122C88009E2012 /* staff_node.cpp in Sources */,
				6AFB5B8A1AE2ADA800B313D8 /* rect.cpp in Sources */,
				6A9A1EA41B19EAA3009E2012 /* note_node.cpp in Sources */,
				6A7264781AD1499500B4E15B /* renderer.cpp in Sources */,
				6A8897831B11CD570028A34C /* node.cpp in Sources */,
				6AFB5B811AE28F0100B313D8 /* texture.cpp in Sources */,
				6A72642D1AD1415500B4E15B /* beat.cpp in Sources */,
				6AFB5B891AE2ADA800B313D8 /* point.cpp in Sources */,
				6A7264361AD1415500B4E15B /* note.cpp in Sources */,
			);
			runOnlyForDeploymentPostprocessing = 0;
		};
/* End PBXSourcesBuildPhase section */

/* Begin PBXVariantGroup section */
		6A7263FC1AD13A2600B4E15B /* Main.storyboard */ = {
			isa = PBXVariantGroup;
			children = (
				6A7263FD1AD13A2600B4E15B /* Base */,
			);
			name = Main.storyboard;
			sourceTree = "<group>";
		};
/* End PBXVariantGroup section */

/* Begin XCBuildConfiguration section */
		6A72640B1AD13A2600B4E15B /* Debug */ = {
			isa = XCBuildConfiguration;
			buildSettings = {
				ALWAYS_SEARCH_USER_PATHS = NO;
				CLANG_CXX_LANGUAGE_STANDARD = "gnu++0x";
				CLANG_CXX_LIBRARY = "libc++";
				CLANG_ENABLE_MODULES = YES;
				CLANG_ENABLE_OBJC_ARC = YES;
				CLANG_WARN_BOOL_CONVERSION = YES;
				CLANG_WARN_CONSTANT_CONVERSION = YES;
				CLANG_WARN_DIRECT_OBJC_ISA_USAGE = YES_ERROR;
				CLANG_WARN_EMPTY_BODY = YES;
				CLANG_WARN_ENUM_CONVERSION = YES;
				CLANG_WARN_INT_CONVERSION = YES;
				CLANG_WARN_OBJC_ROOT_CLASS = YES_ERROR;
				CLANG_WARN_UNREACHABLE_CODE = YES;
				CLANG_WARN__DUPLICATE_METHOD_MATCH = YES;
				COPY_PHASE_STRIP = NO;
				ENABLE_STRICT_OBJC_MSGSEND = YES;
				GCC_C_LANGUAGE_STANDARD = gnu99;
				GCC_DYNAMIC_NO_PIC = NO;
				GCC_OPTIMIZATION_LEVEL = 0;
				GCC_PREPROCESSOR_DEFINITIONS = (
					"DEBUG=1",
					"$(inherited)",
				);
				GCC_SYMBOLS_PRIVATE_EXTERN = NO;
				GCC_WARN_64_TO_32_BIT_CONVERSION = YES;
				GCC_WARN_ABOUT_RETURN_TYPE = YES_ERROR;
				GCC_WARN_UNDECLARED_SELECTOR = YES;
				GCC_WARN_UNINITIALIZED_AUTOS = YES_AGGRESSIVE;
				GCC_WARN_UNUSED_FUNCTION = YES;
				GCC_WARN_UNUSED_VARIABLE = YES;
				MACOSX_DEPLOYMENT_TARGET = 10.10;
				MTL_ENABLE_DEBUG_INFO = YES;
				ONLY_ACTIVE_ARCH = YES;
				SDKROOT = macosx;
			};
			name = Debug;
		};
		6A72640C1AD13A2600B4E15B /* Release */ = {
			isa = XCBuildConfiguration;
			buildSettings = {
				ALWAYS_SEARCH_USER_PATHS = NO;
				CLANG_CXX_LANGUAGE_STANDARD = "gnu++0x";
				CLANG_CXX_LIBRARY = "libc++";
				CLANG_ENABLE_MODULES = YES;
				CLANG_ENABLE_OBJC_ARC = YES;
				CLANG_WARN_BOOL_CONVERSION = YES;
				CLANG_WARN_CONSTANT_CONVERSION = YES;
				CLANG_WARN_DIRECT_OBJC_ISA_USAGE = YES_ERROR;
				CLANG_WARN_EMPTY_BODY = YES;
				CLANG_WARN_ENUM_CONVERSION = YES;
				CLANG_WARN_INT_CONVERSION = YES;
				CLANG_WARN_OBJC_ROOT_CLASS = YES_ERROR;
				CLANG_WARN_UNREACHABLE_CODE = YES;
				CLANG_WARN__DUPLICATE_METHOD_MATCH = YES;
				COPY_PHASE_STRIP = YES;
				DEBUG_INFORMATION_FORMAT = "dwarf-with-dsym";
				ENABLE_NS_ASSERTIONS = NO;
				ENABLE_STRICT_OBJC_MSGSEND = YES;
				GCC_C_LANGUAGE_STANDARD = gnu99;
				GCC_WARN_64_TO_32_BIT_CONVERSION = YES;
				GCC_WARN_ABOUT_RETURN_TYPE = YES_ERROR;
				GCC_WARN_UNDECLARED_SELECTOR = YES;
				GCC_WARN_UNINITIALIZED_AUTOS = YES_AGGRESSIVE;
				GCC_WARN_UNUSED_FUNCTION = YES;
				GCC_WARN_UNUSED_VARIABLE = YES;
				MACOSX_DEPLOYMENT_TARGET = 10.10;
				MTL_ENABLE_DEBUG_INFO = NO;
				SDKROOT = macosx;
			};
			name = Release;
		};
		6A72640E1AD13A2600B4E15B /* Debug */ = {
			isa = XCBuildConfiguration;
			buildSettings = {
				ASSETCATALOG_COMPILER_APPICON_NAME = AppIcon;
				COMBINE_HIDPI_IMAGES = YES;
				FRAMEWORK_SEARCH_PATHS = (
					"$(inherited)",
					"$(PROJECT_DIR)/gp4viewer/lib",
				);
				INFOPLIST_FILE = gp4viewer/Info.plist;
				LD_RUNPATH_SEARCH_PATHS = "$(inherited) @executable_path/../Frameworks";
				PRODUCT_NAME = "$(TARGET_NAME)";
			};
			name = Debug;
		};
		6A72640F1AD13A2600B4E15B /* Release */ = {
			isa = XCBuildConfiguration;
			buildSettings = {
				ASSETCATALOG_COMPILER_APPICON_NAME = AppIcon;
				COMBINE_HIDPI_IMAGES = YES;
				FRAMEWORK_SEARCH_PATHS = (
					"$(inherited)",
					"$(PROJECT_DIR)/gp4viewer/lib",
				);
				INFOPLIST_FILE = gp4viewer/Info.plist;
				LD_RUNPATH_SEARCH_PATHS = "$(inherited) @executable_path/../Frameworks";
				PRODUCT_NAME = "$(TARGET_NAME)";
			};
			name = Release;
		};
/* End XCBuildConfiguration section */

/* Begin XCConfigurationList section */
		6A7263E81AD13A2600B4E15B /* Build configuration list for PBXProject "gp4viewer" */ = {
			isa = XCConfigurationList;
			buildConfigurations = (
				6A72640B1AD13A2600B4E15B /* Debug */,
				6A72640C1AD13A2600B4E15B /* Release */,
			);
			defaultConfigurationIsVisible = 0;
			defaultConfigurationName = Release;
		};
		6A72640D1AD13A2600B4E15B /* Build configuration list for PBXNativeTarget "gp4viewer" */ = {
			isa = XCConfigurationList;
			buildConfigurations = (
				6A72640E1AD13A2600B4E15B /* Debug */,
				6A72640F1AD13A2600B4E15B /* Release */,
			);
			defaultConfigurationIsVisible = 0;
			defaultConfigurationName = Release;
		};
/* End XCConfigurationList section */
	};
	rootObject = 6A7263E51AD13A2600B4E15B /* Project object */;
}
